{
  "requires": true,
  "lockfileVersion": 1,
  "dependencies": {
    "react-masonry-css": {
      "version": "1.0.16",
      "resolved": "https://registry.npmjs.org/react-masonry-css/-/react-masonry-css-1.0.16.tgz",
      "integrity": "sha512-KSW0hR2VQmltt/qAa3eXOctQDyOu7+ZBevtKgpNDSzT7k5LA/0XntNa9z9HKCdz3QlxmJHglTZ18e4sX4V8zZQ=="
    },
    "react-responsive-masonry": {
      "version": "2.1.3",
      "resolved": "https://registry.npmjs.org/react-responsive-masonry/-/react-responsive-masonry-2.1.3.tgz",
      "integrity": "sha512-2C3iwnV60WBszR7vCugY6/yTA+hW+ZMR/3pHadOD6gUQScyN3KmMNaxh1rtR9A1MobWi/XBWK/W+Ub4AVx0CDg=="
    }
  }
}
